// !$*UTF8*$!
{
	archiveVersion = 1;
	classes = {
	};
	objectVersion = 46;
	objects = {

/* Begin PBXBuildFile section */
		114644521D65CABC0001D78E /* ChooseProductTitleViewController.swift in Sources */ = {isa = PBXBuildFile; fileRef = 1146444B1D65CABC0001D78E /* ChooseProductTitleViewController.swift */; };
		114644531D65CABC0001D78E /* ChooseProductTypeViewController.swift in Sources */ = {isa = PBXBuildFile; fileRef = 1146444C1D65CABC0001D78E /* ChooseProductTypeViewController.swift */; };
		114644541D65CABC0001D78E /* ProductInfoViewController.swift in Sources */ = {isa = PBXBuildFile; fileRef = 1146444D1D65CABC0001D78E /* ProductInfoViewController.swift */; };
		114644551D65CABC0001D78E /* ScannerViewController.swift in Sources */ = {isa = PBXBuildFile; fileRef = 1146444E1D65CABC0001D78E /* ScannerViewController.swift */; };
		114644561D65CABC0001D78E /* AddCategoryViewController.swift in Sources */ = {isa = PBXBuildFile; fileRef = 1146444F1D65CABC0001D78E /* AddCategoryViewController.swift */; };
		114644571D65CABC0001D78E /* AddProductViewController.swift in Sources */ = {isa = PBXBuildFile; fileRef = 114644501D65CABC0001D78E /* AddProductViewController.swift */; };
		114644581D65CABC0001D78E /* MainViewController.swift in Sources */ = {isa = PBXBuildFile; fileRef = 114644511D65CABC0001D78E /* MainViewController.swift */; };
		1146445A1D65CAF30001D78E /* UIStoryboard+InstantiateViewController.swift in Sources */ = {isa = PBXBuildFile; fileRef = 114644591D65CAF30001D78E /* UIStoryboard+InstantiateViewController.swift */; };
		114644611D65CB2D0001D78E /* ViewControllerDismissProtocol.swift in Sources */ = {isa = PBXBuildFile; fileRef = 1146445B1D65CB2D0001D78E /* ViewControllerDismissProtocol.swift */; };
		114644621D65CB2D0001D78E /* ObjectSerializableProtocol.swift in Sources */ = {isa = PBXBuildFile; fileRef = 1146445C1D65CB2D0001D78E /* ObjectSerializableProtocol.swift */; };
		114644631D65CB2D0001D78E /* CollectionSerializableProtocol.swift in Sources */ = {isa = PBXBuildFile; fileRef = 1146445D1D65CB2D0001D78E /* CollectionSerializableProtocol.swift */; };
		114644641D65CB2D0001D78E /* ReuseIdentifierProtocol.swift in Sources */ = {isa = PBXBuildFile; fileRef = 1146445E1D65CB2D0001D78E /* ReuseIdentifierProtocol.swift */; };
		114644651D65CB2D0001D78E /* StoryboardIdentifierProtocol.swift in Sources */ = {isa = PBXBuildFile; fileRef = 1146445F1D65CB2D0001D78E /* StoryboardIdentifierProtocol.swift */; };
		114644661D65CB2D0001D78E /* ViewHeightProtocol.swift in Sources */ = {isa = PBXBuildFile; fileRef = 114644601D65CB2D0001D78E /* ViewHeightProtocol.swift */; };
		114644691D65CBFE0001D78E /* ApiError.swift in Sources */ = {isa = PBXBuildFile; fileRef = 114644671D65CBFE0001D78E /* ApiError.swift */; };
		1146446A1D65CBFE0001D78E /* ApiRequest.swift in Sources */ = {isa = PBXBuildFile; fileRef = 114644681D65CBFE0001D78E /* ApiRequest.swift */; };
		114644701D65CECF0001D78E /* CameraBorderView.swift in Sources */ = {isa = PBXBuildFile; fileRef = 1146446B1D65CECF0001D78E /* CameraBorderView.swift */; };
		114644711D65CECF0001D78E /* SimpleWithImageTableViewCell.swift in Sources */ = {isa = PBXBuildFile; fileRef = 1146446C1D65CECF0001D78E /* SimpleWithImageTableViewCell.swift */; };
		114644721D65CECF0001D78E /* LoaderView.swift in Sources */ = {isa = PBXBuildFile; fileRef = 1146446D1D65CECF0001D78E /* LoaderView.swift */; };
		114644731D65CECF0001D78E /* MaterialDesignSpiner.swift in Sources */ = {isa = PBXBuildFile; fileRef = 1146446E1D65CECF0001D78E /* MaterialDesignSpiner.swift */; };
		114644741D65CECF0001D78E /* SimpleTableViewCell.swift in Sources */ = {isa = PBXBuildFile; fileRef = 1146446F1D65CECF0001D78E /* SimpleTableViewCell.swift */; };
		114644771D65CF250001D78E /* Assets.xcassets in Resources */ = {isa = PBXBuildFile; fileRef = 114644761D65CF250001D78E /* Assets.xcassets */; };
		1146447C1D65CF350001D78E /* Main.storyboard in Resources */ = {isa = PBXBuildFile; fileRef = 114644781D65CF350001D78E /* Main.storyboard */; };
		1146447D1D65CF350001D78E /* LaunchScreen.storyboard in Resources */ = {isa = PBXBuildFile; fileRef = 1146447A1D65CF350001D78E /* LaunchScreen.storyboard */; };
		114644821D65D0340001D78E /* Info.plist in Resources */ = {isa = PBXBuildFile; fileRef = 114644811D65D0340001D78E /* Info.plist */; };
		114644891D65D08D0001D78E /* ProductType.swift in Sources */ = {isa = PBXBuildFile; fileRef = 114644831D65D08D0001D78E /* ProductType.swift */; };
		1146448A1D65D08D0001D78E /* Category.swift in Sources */ = {isa = PBXBuildFile; fileRef = 114644841D65D08D0001D78E /* Category.swift */; };
		1146448B1D65D08D0001D78E /* CategoryItems.swift in Sources */ = {isa = PBXBuildFile; fileRef = 114644851D65D08D0001D78E /* CategoryItems.swift */; };
		1146448C1D65D08D0001D78E /* Code.swift in Sources */ = {isa = PBXBuildFile; fileRef = 114644861D65D08D0001D78E /* Code.swift */; };
		1146448D1D65D08D0001D78E /* Producer.swift in Sources */ = {isa = PBXBuildFile; fileRef = 114644871D65D08D0001D78E /* Producer.swift */; };
		1146448E1D65D08D0001D78E /* Product.swift in Sources */ = {isa = PBXBuildFile; fileRef = 114644881D65D08D0001D78E /* Product.swift */; };
		114644911D65D0BE0001D78E /* AddProductViewModel.swift in Sources */ = {isa = PBXBuildFile; fileRef = 1146448F1D65D0BE0001D78E /* AddProductViewModel.swift */; };
		114644921D65D0BE0001D78E /* ProductInfoViewModel.swift in Sources */ = {isa = PBXBuildFile; fileRef = 114644901D65D0BE0001D78E /* ProductInfoViewModel.swift */; };
		11B6B7BE1C1C7AFC00D4A986 /* AppDelegate.swift in Sources */ = {isa = PBXBuildFile; fileRef = 11B6B7BD1C1C7AFC00D4A986 /* AppDelegate.swift */; };
		F2B2BA79B1A9A9DC01AF0E74 /* Pods_evegano_ios.framework in Frameworks */ = {isa = PBXBuildFile; fileRef = 10A35FE7BEFC5A055DA900C2 /* Pods_evegano_ios.framework */; settings = {ATTRIBUTES = (Weak, ); }; };
/* End PBXBuildFile section */

/* Begin PBXFileReference section */
		10A35FE7BEFC5A055DA900C2 /* Pods_evegano_ios.framework */ = {isa = PBXFileReference; explicitFileType = wrapper.framework; includeInIndex = 0; path = Pods_evegano_ios.framework; sourceTree = BUILT_PRODUCTS_DIR; };
		1146444B1D65CABC0001D78E /* ChooseProductTitleViewController.swift */ = {isa = PBXFileReference; fileEncoding = 4; lastKnownFileType = sourcecode.swift; name = ChooseProductTitleViewController.swift; path = ViewControllers/ChooseProductTitleViewController.swift; sourceTree = "<group>"; };
		1146444C1D65CABC0001D78E /* ChooseProductTypeViewController.swift */ = {isa = PBXFileReference; fileEncoding = 4; lastKnownFileType = sourcecode.swift; name = ChooseProductTypeViewController.swift; path = ViewControllers/ChooseProductTypeViewController.swift; sourceTree = "<group>"; };
		1146444D1D65CABC0001D78E /* ProductInfoViewController.swift */ = {isa = PBXFileReference; fileEncoding = 4; lastKnownFileType = sourcecode.swift; name = ProductInfoViewController.swift; path = ViewControllers/ProductInfoViewController.swift; sourceTree = "<group>"; };
		1146444E1D65CABC0001D78E /* ScannerViewController.swift */ = {isa = PBXFileReference; fileEncoding = 4; lastKnownFileType = sourcecode.swift; name = ScannerViewController.swift; path = ViewControllers/ScannerViewController.swift; sourceTree = "<group>"; };
		1146444F1D65CABC0001D78E /* AddCategoryViewController.swift */ = {isa = PBXFileReference; fileEncoding = 4; lastKnownFileType = sourcecode.swift; name = AddCategoryViewController.swift; path = ViewControllers/AddCategoryViewController.swift; sourceTree = "<group>"; };
		114644501D65CABC0001D78E /* AddProductViewController.swift */ = {isa = PBXFileReference; fileEncoding = 4; lastKnownFileType = sourcecode.swift; name = AddProductViewController.swift; path = ViewControllers/AddProductViewController.swift; sourceTree = "<group>"; };
		114644511D65CABC0001D78E /* MainViewController.swift */ = {isa = PBXFileReference; fileEncoding = 4; lastKnownFileType = sourcecode.swift; name = MainViewController.swift; path = ViewControllers/MainViewController.swift; sourceTree = "<group>"; };
		114644591D65CAF30001D78E /* UIStoryboard+InstantiateViewController.swift */ = {isa = PBXFileReference; fileEncoding = 4; lastKnownFileType = sourcecode.swift; name = "UIStoryboard+InstantiateViewController.swift"; path = "Extensions/UIStoryboard+InstantiateViewController.swift"; sourceTree = "<group>"; };
		1146445B1D65CB2D0001D78E /* ViewControllerDismissProtocol.swift */ = {isa = PBXFileReference; fileEncoding = 4; lastKnownFileType = sourcecode.swift; name = ViewControllerDismissProtocol.swift; path = Protocols/ViewControllerDismissProtocol.swift; sourceTree = "<group>"; };
		1146445C1D65CB2D0001D78E /* ObjectSerializableProtocol.swift */ = {isa = PBXFileReference; fileEncoding = 4; lastKnownFileType = sourcecode.swift; name = ObjectSerializableProtocol.swift; path = Protocols/ObjectSerializableProtocol.swift; sourceTree = "<group>"; };
		1146445D1D65CB2D0001D78E /* CollectionSerializableProtocol.swift */ = {isa = PBXFileReference; fileEncoding = 4; lastKnownFileType = sourcecode.swift; name = CollectionSerializableProtocol.swift; path = Protocols/CollectionSerializableProtocol.swift; sourceTree = "<group>"; };
		1146445E1D65CB2D0001D78E /* ReuseIdentifierProtocol.swift */ = {isa = PBXFileReference; fileEncoding = 4; lastKnownFileType = sourcecode.swift; name = ReuseIdentifierProtocol.swift; path = Protocols/ReuseIdentifierProtocol.swift; sourceTree = "<group>"; };
		1146445F1D65CB2D0001D78E /* StoryboardIdentifierProtocol.swift */ = {isa = PBXFileReference; fileEncoding = 4; lastKnownFileType = sourcecode.swift; name = StoryboardIdentifierProtocol.swift; path = Protocols/StoryboardIdentifierProtocol.swift; sourceTree = "<group>"; };
		114644601D65CB2D0001D78E /* ViewHeightProtocol.swift */ = {isa = PBXFileReference; fileEncoding = 4; lastKnownFileType = sourcecode.swift; name = ViewHeightProtocol.swift; path = Protocols/ViewHeightProtocol.swift; sourceTree = "<group>"; };
		114644671D65CBFE0001D78E /* ApiError.swift */ = {isa = PBXFileReference; fileEncoding = 4; lastKnownFileType = sourcecode.swift; name = ApiError.swift; path = Network/ApiError.swift; sourceTree = "<group>"; };
		114644681D65CBFE0001D78E /* ApiRequest.swift */ = {isa = PBXFileReference; fileEncoding = 4; lastKnownFileType = sourcecode.swift; name = ApiRequest.swift; path = Network/ApiRequest.swift; sourceTree = "<group>"; };
		1146446B1D65CECF0001D78E /* CameraBorderView.swift */ = {isa = PBXFileReference; fileEncoding = 4; lastKnownFileType = sourcecode.swift; name = CameraBorderView.swift; path = UI/CameraBorderView.swift; sourceTree = "<group>"; };
		1146446C1D65CECF0001D78E /* SimpleWithImageTableViewCell.swift */ = {isa = PBXFileReference; fileEncoding = 4; lastKnownFileType = sourcecode.swift; name = SimpleWithImageTableViewCell.swift; path = UI/SimpleWithImageTableViewCell.swift; sourceTree = "<group>"; };
		1146446D1D65CECF0001D78E /* LoaderView.swift */ = {isa = PBXFileReference; fileEncoding = 4; lastKnownFileType = sourcecode.swift; name = LoaderView.swift; path = UI/LoaderView.swift; sourceTree = "<group>"; };
		1146446E1D65CECF0001D78E /* MaterialDesignSpiner.swift */ = {isa = PBXFileReference; fileEncoding = 4; lastKnownFileType = sourcecode.swift; name = MaterialDesignSpiner.swift; path = UI/MaterialDesignSpiner.swift; sourceTree = "<group>"; };
		1146446F1D65CECF0001D78E /* SimpleTableViewCell.swift */ = {isa = PBXFileReference; fileEncoding = 4; lastKnownFileType = sourcecode.swift; name = SimpleTableViewCell.swift; path = UI/SimpleTableViewCell.swift; sourceTree = "<group>"; };
		114644761D65CF250001D78E /* Assets.xcassets */ = {isa = PBXFileReference; lastKnownFileType = folder.assetcatalog; name = Assets.xcassets; path = Resources/Assets.xcassets; sourceTree = "<group>"; };
		114644791D65CF350001D78E /* Base */ = {isa = PBXFileReference; lastKnownFileType = file.storyboard; name = Base; path = Resources/Base.lproj/Main.storyboard; sourceTree = "<group>"; };
		1146447B1D65CF350001D78E /* Base */ = {isa = PBXFileReference; lastKnownFileType = file.storyboard; name = Base; path = Resources/Base.lproj/LaunchScreen.storyboard; sourceTree = "<group>"; };
		114644811D65D0340001D78E /* Info.plist */ = {isa = PBXFileReference; fileEncoding = 4; lastKnownFileType = text.plist.xml; path = Info.plist; sourceTree = "<group>"; };
		114644831D65D08D0001D78E /* ProductType.swift */ = {isa = PBXFileReference; fileEncoding = 4; lastKnownFileType = sourcecode.swift; name = ProductType.swift; path = Models/ProductType.swift; sourceTree = "<group>"; };
		114644841D65D08D0001D78E /* Category.swift */ = {isa = PBXFileReference; fileEncoding = 4; lastKnownFileType = sourcecode.swift; name = Category.swift; path = Models/Category.swift; sourceTree = "<group>"; };
		114644851D65D08D0001D78E /* CategoryItems.swift */ = {isa = PBXFileReference; fileEncoding = 4; lastKnownFileType = sourcecode.swift; name = CategoryItems.swift; path = Models/CategoryItems.swift; sourceTree = "<group>"; };
		114644861D65D08D0001D78E /* Code.swift */ = {isa = PBXFileReference; fileEncoding = 4; lastKnownFileType = sourcecode.swift; name = Code.swift; path = Models/Code.swift; sourceTree = "<group>"; };
		114644871D65D08D0001D78E /* Producer.swift */ = {isa = PBXFileReference; fileEncoding = 4; lastKnownFileType = sourcecode.swift; name = Producer.swift; path = Models/Producer.swift; sourceTree = "<group>"; };
		114644881D65D08D0001D78E /* Product.swift */ = {isa = PBXFileReference; fileEncoding = 4; lastKnownFileType = sourcecode.swift; name = Product.swift; path = Models/Product.swift; sourceTree = "<group>"; };
		1146448F1D65D0BE0001D78E /* AddProductViewModel.swift */ = {isa = PBXFileReference; fileEncoding = 4; lastKnownFileType = sourcecode.swift; name = AddProductViewModel.swift; path = ViewModels/AddProductViewModel.swift; sourceTree = "<group>"; };
		114644901D65D0BE0001D78E /* ProductInfoViewModel.swift */ = {isa = PBXFileReference; fileEncoding = 4; lastKnownFileType = sourcecode.swift; name = ProductInfoViewModel.swift; path = ViewModels/ProductInfoViewModel.swift; sourceTree = "<group>"; };
		11B6B7BA1C1C7AFC00D4A986 /* evegano-ios.app */ = {isa = PBXFileReference; explicitFileType = wrapper.application; includeInIndex = 0; path = "evegano-ios.app"; sourceTree = BUILT_PRODUCTS_DIR; };
		11B6B7BD1C1C7AFC00D4A986 /* AppDelegate.swift */ = {isa = PBXFileReference; lastKnownFileType = sourcecode.swift; path = AppDelegate.swift; sourceTree = "<group>"; };
		11B72A001D0F25F800319C03 /* RxCocoa.framework */ = {isa = PBXFileReference; lastKnownFileType = wrapper.framework; name = RxCocoa.framework; path = "Pods/../build/Debug-iphoneos/RxCocoa.framework"; sourceTree = "<group>"; };
		19BF6D8597618D1F5739A043 /* Pods-evegano-ios.debug.xcconfig */ = {isa = PBXFileReference; includeInIndex = 1; lastKnownFileType = text.xcconfig; name = "Pods-evegano-ios.debug.xcconfig"; path = "Pods/Target Support Files/Pods-evegano-ios/Pods-evegano-ios.debug.xcconfig"; sourceTree = "<group>"; };
		5E2B0B303A0F2BC4057AB518 /* Pods-evegano-ios.release.xcconfig */ = {isa = PBXFileReference; includeInIndex = 1; lastKnownFileType = text.xcconfig; name = "Pods-evegano-ios.release.xcconfig"; path = "Pods/Target Support Files/Pods-evegano-ios/Pods-evegano-ios.release.xcconfig"; sourceTree = "<group>"; };
/* End PBXFileReference section */

/* Begin PBXFrameworksBuildPhase section */
		11B6B7B71C1C7AFC00D4A986 /* Frameworks */ = {
			isa = PBXFrameworksBuildPhase;
			buildActionMask = 2147483647;
			files = (
				F2B2BA79B1A9A9DC01AF0E74 /* Pods_evegano_ios.framework in Frameworks */,
			);
			runOnlyForDeploymentPostprocessing = 0;
		};
/* End PBXFrameworksBuildPhase section */

/* Begin PBXGroup section */
		111DAEA61CA7F40C000C47EE /* ViewModels */ = {
			isa = PBXGroup;
			children = (
				1146448F1D65D0BE0001D78E /* AddProductViewModel.swift */,
				114644901D65D0BE0001D78E /* ProductInfoViewModel.swift */,
			);
			name = ViewModels;
			sourceTree = "<group>";
		};
		1131F41A1C2F263D0099CA77 /* Network */ = {
			isa = PBXGroup;
			children = (
				114644671D65CBFE0001D78E /* ApiError.swift */,
				114644681D65CBFE0001D78E /* ApiRequest.swift */,
			);
			name = Network;
			sourceTree = "<group>";
		};
		1131F41D1C2F26520099CA77 /* Models */ = {
			isa = PBXGroup;
			children = (
				114644831D65D08D0001D78E /* ProductType.swift */,
				114644841D65D08D0001D78E /* Category.swift */,
				114644851D65D08D0001D78E /* CategoryItems.swift */,
				114644861D65D08D0001D78E /* Code.swift */,
				114644871D65D08D0001D78E /* Producer.swift */,
				114644881D65D08D0001D78E /* Product.swift */,
			);
			name = Models;
			sourceTree = "<group>";
		};
		1131F4241C2F266B0099CA77 /* Protocols */ = {
			isa = PBXGroup;
			children = (
				1146445B1D65CB2D0001D78E /* ViewControllerDismissProtocol.swift */,
				1146445C1D65CB2D0001D78E /* ObjectSerializableProtocol.swift */,
				1146445D1D65CB2D0001D78E /* CollectionSerializableProtocol.swift */,
				1146445E1D65CB2D0001D78E /* ReuseIdentifierProtocol.swift */,
				1146445F1D65CB2D0001D78E /* StoryboardIdentifierProtocol.swift */,
				114644601D65CB2D0001D78E /* ViewHeightProtocol.swift */,
			);
			name = Protocols;
			sourceTree = "<group>";
		};
		114644751D65CF120001D78E /* Resources */ = {
			isa = PBXGroup;
			children = (
				114644811D65D0340001D78E /* Info.plist */,
				114644781D65CF350001D78E /* Main.storyboard */,
				1146447A1D65CF350001D78E /* LaunchScreen.storyboard */,
				114644761D65CF250001D78E /* Assets.xcassets */,
			);
			name = Resources;
			sourceTree = "<group>";
		};
		119D00CF1C5E4485000CD03E /* ViewControllers */ = {
			isa = PBXGroup;
			children = (
				1146444B1D65CABC0001D78E /* ChooseProductTitleViewController.swift */,
				1146444C1D65CABC0001D78E /* ChooseProductTypeViewController.swift */,
				1146444D1D65CABC0001D78E /* ProductInfoViewController.swift */,
				1146444E1D65CABC0001D78E /* ScannerViewController.swift */,
				1146444F1D65CABC0001D78E /* AddCategoryViewController.swift */,
				114644501D65CABC0001D78E /* AddProductViewController.swift */,
				114644511D65CABC0001D78E /* MainViewController.swift */,
			);
			name = ViewControllers;
			sourceTree = "<group>";
		};
		11B6B7B11C1C7AFC00D4A986 = {
			isa = PBXGroup;
			children = (
				11B6B7BC1C1C7AFC00D4A986 /* evegano-ios */,
				11B6B7BB1C1C7AFC00D4A986 /* Products */,
				AF22A02FCC7FE9C99B4AA274 /* Pods */,
				578B3F7C1BAF3CBCD6A4C073 /* Frameworks */,
			);
			sourceTree = "<group>";
		};
		11B6B7BB1C1C7AFC00D4A986 /* Products */ = {
			isa = PBXGroup;
			children = (
				11B6B7BA1C1C7AFC00D4A986 /* evegano-ios.app */,
			);
			name = Products;
			sourceTree = "<group>";
		};
		11B6B7BC1C1C7AFC00D4A986 /* evegano-ios */ = {
			isa = PBXGroup;
			children = (
				114644751D65CF120001D78E /* Resources */,
				11DD43BA1C947A6F0072C8AB /* Extensions */,
				11DD43B11C941D6E0072C8AB /* UI */,
				119D00CF1C5E4485000CD03E /* ViewControllers */,
				1131F4241C2F266B0099CA77 /* Protocols */,
				1131F41D1C2F26520099CA77 /* Models */,
				111DAEA61CA7F40C000C47EE /* ViewModels */,
				1131F41A1C2F263D0099CA77 /* Network */,
				11B6B7BD1C1C7AFC00D4A986 /* AppDelegate.swift */,
			);
			path = "evegano-ios";
			sourceTree = "<group>";
		};
		11DD43B11C941D6E0072C8AB /* UI */ = {
			isa = PBXGroup;
			children = (
				1146446B1D65CECF0001D78E /* CameraBorderView.swift */,
				1146446C1D65CECF0001D78E /* SimpleWithImageTableViewCell.swift */,
				1146446D1D65CECF0001D78E /* LoaderView.swift */,
				1146446E1D65CECF0001D78E /* MaterialDesignSpiner.swift */,
				1146446F1D65CECF0001D78E /* SimpleTableViewCell.swift */,
			);
			name = UI;
			sourceTree = "<group>";
		};
		11DD43BA1C947A6F0072C8AB /* Extensions */ = {
			isa = PBXGroup;
			children = (
				114644591D65CAF30001D78E /* UIStoryboard+InstantiateViewController.swift */,
			);
			name = Extensions;
			sourceTree = "<group>";
		};
		578B3F7C1BAF3CBCD6A4C073 /* Frameworks */ = {
			isa = PBXGroup;
			children = (
				11B72A001D0F25F800319C03 /* RxCocoa.framework */,
				10A35FE7BEFC5A055DA900C2 /* Pods_evegano_ios.framework */,
			);
			name = Frameworks;
			sourceTree = "<group>";
		};
		AF22A02FCC7FE9C99B4AA274 /* Pods */ = {
			isa = PBXGroup;
			children = (
				19BF6D8597618D1F5739A043 /* Pods-evegano-ios.debug.xcconfig */,
				5E2B0B303A0F2BC4057AB518 /* Pods-evegano-ios.release.xcconfig */,
			);
			name = Pods;
			sourceTree = "<group>";
		};
/* End PBXGroup section */

/* Begin PBXNativeTarget section */
		11B6B7B91C1C7AFC00D4A986 /* evegano-ios */ = {
			isa = PBXNativeTarget;
			buildConfigurationList = 11B6B7CC1C1C7AFC00D4A986 /* Build configuration list for PBXNativeTarget "evegano-ios" */;
			buildPhases = (
				21806EC4E89A6E5262C2E4E3 /* Check Pods Manifest.lock */,
				11B6B7B61C1C7AFC00D4A986 /* Sources */,
				11B6B7B71C1C7AFC00D4A986 /* Frameworks */,
				11B6B7B81C1C7AFC00D4A986 /* Resources */,
				BEACC90499BE36935AF58B7C /* Copy Pods Resources */,
				41CE4A9BEFFB6EDB11917AA2 /* Embed Pods Frameworks */,
			);
			buildRules = (
			);
			dependencies = (
			);
			name = "evegano-ios";
			productName = "evegano-ios";
			productReference = 11B6B7BA1C1C7AFC00D4A986 /* evegano-ios.app */;
			productType = "com.apple.product-type.application";
		};
/* End PBXNativeTarget section */

/* Begin PBXProject section */
		11B6B7B21C1C7AFC00D4A986 /* Project object */ = {
			isa = PBXProject;
			attributes = {
				LastUpgradeCheck = 0700;
				ORGANIZATIONNAME = nazavrik;
				TargetAttributes = {
					11B6B7B91C1C7AFC00D4A986 = {
						CreatedOnToolsVersion = 7.0.1;
						DevelopmentTeam = XW7Z7QF5BM;
					};
				};
			};
			buildConfigurationList = 11B6B7B51C1C7AFC00D4A986 /* Build configuration list for PBXProject "evegano-ios" */;
			compatibilityVersion = "Xcode 3.2";
			developmentRegion = English;
			hasScannedForEncodings = 0;
			knownRegions = (
				en,
				Base,
			);
			mainGroup = 11B6B7B11C1C7AFC00D4A986;
			productRefGroup = 11B6B7BB1C1C7AFC00D4A986 /* Products */;
			projectDirPath = "";
			projectRoot = "";
			targets = (
				11B6B7B91C1C7AFC00D4A986 /* evegano-ios */,
			);
		};
/* End PBXProject section */

/* Begin PBXResourcesBuildPhase section */
		11B6B7B81C1C7AFC00D4A986 /* Resources */ = {
			isa = PBXResourcesBuildPhase;
			buildActionMask = 2147483647;
			files = (
				114644821D65D0340001D78E /* Info.plist in Resources */,
				1146447D1D65CF350001D78E /* LaunchScreen.storyboard in Resources */,
				114644771D65CF250001D78E /* Assets.xcassets in Resources */,
				1146447C1D65CF350001D78E /* Main.storyboard in Resources */,
			);
			runOnlyForDeploymentPostprocessing = 0;
		};
/* End PBXResourcesBuildPhase section */

/* Begin PBXShellScriptBuildPhase section */
		21806EC4E89A6E5262C2E4E3 /* Check Pods Manifest.lock */ = {
			isa = PBXShellScriptBuildPhase;
			buildActionMask = 2147483647;
			files = (
			);
			inputPaths = (
			);
			name = "Check Pods Manifest.lock";
			outputPaths = (
			);
			runOnlyForDeploymentPostprocessing = 0;
			shellPath = /bin/sh;
			shellScript = "diff \"${PODS_ROOT}/../Podfile.lock\" \"${PODS_ROOT}/Manifest.lock\" > /dev/null\nif [[ $? != 0 ]] ; then\n    cat << EOM\nerror: The sandbox is not in sync with the Podfile.lock. Run 'pod install' or update your CocoaPods installation.\nEOM\n    exit 1\nfi\n";
			showEnvVarsInLog = 0;
		};
		41CE4A9BEFFB6EDB11917AA2 /* Embed Pods Frameworks */ = {
			isa = PBXShellScriptBuildPhase;
			buildActionMask = 2147483647;
			files = (
			);
			inputPaths = (
			);
			name = "Embed Pods Frameworks";
			outputPaths = (
			);
			runOnlyForDeploymentPostprocessing = 0;
			shellPath = /bin/sh;
			shellScript = "\"${SRCROOT}/Pods/Target Support Files/Pods-evegano-ios/Pods-evegano-ios-frameworks.sh\"\n";
			showEnvVarsInLog = 0;
		};
		BEACC90499BE36935AF58B7C /* Copy Pods Resources */ = {
			isa = PBXShellScriptBuildPhase;
			buildActionMask = 2147483647;
			files = (
			);
			inputPaths = (
			);
			name = "Copy Pods Resources";
			outputPaths = (
			);
			runOnlyForDeploymentPostprocessing = 0;
			shellPath = /bin/sh;
			shellScript = "\"${SRCROOT}/Pods/Target Support Files/Pods-evegano-ios/Pods-evegano-ios-resources.sh\"\n";
			showEnvVarsInLog = 0;
		};
/* End PBXShellScriptBuildPhase section */

/* Begin PBXSourcesBuildPhase section */
		11B6B7B61C1C7AFC00D4A986 /* Sources */ = {
			isa = PBXSourcesBuildPhase;
			buildActionMask = 2147483647;
			files = (
				114644731D65CECF0001D78E /* MaterialDesignSpiner.swift in Sources */,
				114644631D65CB2D0001D78E /* CollectionSerializableProtocol.swift in Sources */,
				1146448D1D65D08D0001D78E /* Producer.swift in Sources */,
				114644741D65CECF0001D78E /* SimpleTableViewCell.swift in Sources */,
				11B6B7BE1C1C7AFC00D4A986 /* AppDelegate.swift in Sources */,
				114644621D65CB2D0001D78E /* ObjectSerializableProtocol.swift in Sources */,
				114644891D65D08D0001D78E /* ProductType.swift in Sources */,
				1146446A1D65CBFE0001D78E /* ApiRequest.swift in Sources */,
				114644651D65CB2D0001D78E /* StoryboardIdentifierProtocol.swift in Sources */,
				1146445A1D65CAF30001D78E /* UIStoryboard+InstantiateViewController.swift in Sources */,
				1146448A1D65D08D0001D78E /* Category.swift in Sources */,
				114644541D65CABC0001D78E /* ProductInfoViewController.swift in Sources */,
				114644921D65D0BE0001D78E /* ProductInfoViewModel.swift in Sources */,
				114644581D65CABC0001D78E /* MainViewController.swift in Sources */,
				1146448C1D65D08D0001D78E /* Code.swift in Sources */,
				114644561D65CABC0001D78E /* AddCategoryViewController.swift in Sources */,
				114644691D65CBFE0001D78E /* ApiError.swift in Sources */,
				1146448E1D65D08D0001D78E /* Product.swift in Sources */,
				1146448B1D65D08D0001D78E /* CategoryItems.swift in Sources */,
				114644911D65D0BE0001D78E /* AddProductViewModel.swift in Sources */,
				114644661D65CB2D0001D78E /* ViewHeightProtocol.swift in Sources */,
				114644721D65CECF0001D78E /* LoaderView.swift in Sources */,
				114644701D65CECF0001D78E /* CameraBorderView.swift in Sources */,
				114644531D65CABC0001D78E /* ChooseProductTypeViewController.swift in Sources */,
				114644521D65CABC0001D78E /* ChooseProductTitleViewController.swift in Sources */,
				114644571D65CABC0001D78E /* AddProductViewController.swift in Sources */,
				114644711D65CECF0001D78E /* SimpleWithImageTableViewCell.swift in Sources */,
				114644611D65CB2D0001D78E /* ViewControllerDismissProtocol.swift in Sources */,
				114644551D65CABC0001D78E /* ScannerViewController.swift in Sources */,
				114644641D65CB2D0001D78E /* ReuseIdentifierProtocol.swift in Sources */,
			);
			runOnlyForDeploymentPostprocessing = 0;
		};
/* End PBXSourcesBuildPhase section */

/* Begin PBXVariantGroup section */
		114644781D65CF350001D78E /* Main.storyboard */ = {
			isa = PBXVariantGroup;
			children = (
				114644791D65CF350001D78E /* Base */,
			);
			name = Main.storyboard;
			sourceTree = "<group>";
		};
		1146447A1D65CF350001D78E /* LaunchScreen.storyboard */ = {
			isa = PBXVariantGroup;
			children = (
				1146447B1D65CF350001D78E /* Base */,
			);
			name = LaunchScreen.storyboard;
			sourceTree = "<group>";
		};
/* End PBXVariantGroup section */

/* Begin XCBuildConfiguration section */
		11B6B7CA1C1C7AFC00D4A986 /* Debug */ = {
			isa = XCBuildConfiguration;
			buildSettings = {
				ALWAYS_SEARCH_USER_PATHS = NO;
				CLANG_CXX_LANGUAGE_STANDARD = "gnu++0x";
				CLANG_CXX_LIBRARY = "libc++";
				CLANG_ENABLE_MODULES = YES;
				CLANG_ENABLE_OBJC_ARC = YES;
				CLANG_WARN_BOOL_CONVERSION = YES;
				CLANG_WARN_CONSTANT_CONVERSION = YES;
				CLANG_WARN_DIRECT_OBJC_ISA_USAGE = YES_ERROR;
				CLANG_WARN_EMPTY_BODY = YES;
				CLANG_WARN_ENUM_CONVERSION = YES;
				CLANG_WARN_INT_CONVERSION = YES;
				CLANG_WARN_OBJC_ROOT_CLASS = YES_ERROR;
				CLANG_WARN_UNREACHABLE_CODE = YES;
				CLANG_WARN__DUPLICATE_METHOD_MATCH = YES;
				"CODE_SIGN_IDENTITY[sdk=iphoneos*]" = "iPhone Developer";
				COPY_PHASE_STRIP = NO;
				DEBUG_INFORMATION_FORMAT = dwarf;
				ENABLE_STRICT_OBJC_MSGSEND = YES;
				ENABLE_TESTABILITY = YES;
				GCC_C_LANGUAGE_STANDARD = gnu99;
				GCC_DYNAMIC_NO_PIC = NO;
				GCC_NO_COMMON_BLOCKS = YES;
				GCC_OPTIMIZATION_LEVEL = 0;
				GCC_PREPROCESSOR_DEFINITIONS = (
					"DEBUG=1",
					"$(inherited)",
				);
				GCC_WARN_64_TO_32_BIT_CONVERSION = YES;
				GCC_WARN_ABOUT_RETURN_TYPE = YES_ERROR;
				GCC_WARN_UNDECLARED_SELECTOR = YES;
				GCC_WARN_UNINITIALIZED_AUTOS = YES_AGGRESSIVE;
				GCC_WARN_UNUSED_FUNCTION = YES;
				GCC_WARN_UNUSED_VARIABLE = YES;
				IPHONEOS_DEPLOYMENT_TARGET = 9.0;
				MTL_ENABLE_DEBUG_INFO = YES;
				ONLY_ACTIVE_ARCH = YES;
				SDKROOT = iphoneos;
				SWIFT_OPTIMIZATION_LEVEL = "-Onone";
			};
			name = Debug;
		};
		11B6B7CB1C1C7AFC00D4A986 /* Release */ = {
			isa = XCBuildConfiguration;
			buildSettings = {
				ALWAYS_SEARCH_USER_PATHS = NO;
				CLANG_CXX_LANGUAGE_STANDARD = "gnu++0x";
				CLANG_CXX_LIBRARY = "libc++";
				CLANG_ENABLE_MODULES = YES;
				CLANG_ENABLE_OBJC_ARC = YES;
				CLANG_WARN_BOOL_CONVERSION = YES;
				CLANG_WARN_CONSTANT_CONVERSION = YES;
				CLANG_WARN_DIRECT_OBJC_ISA_USAGE = YES_ERROR;
				CLANG_WARN_EMPTY_BODY = YES;
				CLANG_WARN_ENUM_CONVERSION = YES;
				CLANG_WARN_INT_CONVERSION = YES;
				CLANG_WARN_OBJC_ROOT_CLASS = YES_ERROR;
				CLANG_WARN_UNREACHABLE_CODE = YES;
				CLANG_WARN__DUPLICATE_METHOD_MATCH = YES;
				"CODE_SIGN_IDENTITY[sdk=iphoneos*]" = "iPhone Developer";
				COPY_PHASE_STRIP = NO;
				DEBUG_INFORMATION_FORMAT = "dwarf-with-dsym";
				ENABLE_NS_ASSERTIONS = NO;
				ENABLE_STRICT_OBJC_MSGSEND = YES;
				GCC_C_LANGUAGE_STANDARD = gnu99;
				GCC_NO_COMMON_BLOCKS = YES;
				GCC_WARN_64_TO_32_BIT_CONVERSION = YES;
				GCC_WARN_ABOUT_RETURN_TYPE = YES_ERROR;
				GCC_WARN_UNDECLARED_SELECTOR = YES;
				GCC_WARN_UNINITIALIZED_AUTOS = YES_AGGRESSIVE;
				GCC_WARN_UNUSED_FUNCTION = YES;
				GCC_WARN_UNUSED_VARIABLE = YES;
				IPHONEOS_DEPLOYMENT_TARGET = 9.0;
				MTL_ENABLE_DEBUG_INFO = NO;
				SDKROOT = iphoneos;
				VALIDATE_PRODUCT = YES;
			};
			name = Release;
		};
		11B6B7CD1C1C7AFC00D4A986 /* Debug */ = {
			isa = XCBuildConfiguration;
			baseConfigurationReference = 19BF6D8597618D1F5739A043 /* Pods-evegano-ios.debug.xcconfig */;
			buildSettings = {
				ASSETCATALOG_COMPILER_APPICON_NAME = AppIcon;
				CODE_SIGN_IDENTITY = "iPhone Developer";
				INFOPLIST_FILE = "evegano-ios/Info.plist";
				LD_RUNPATH_SEARCH_PATHS = "$(inherited) @executable_path/Frameworks";
				PRODUCT_BUNDLE_IDENTIFIER = "ru.nazavrik.evegano-ios";
				PRODUCT_NAME = "$(TARGET_NAME)";
			};
			name = Debug;
		};
		11B6B7CE1C1C7AFC00D4A986 /* Release */ = {
			isa = XCBuildConfiguration;
			baseConfigurationReference = 5E2B0B303A0F2BC4057AB518 /* Pods-evegano-ios.release.xcconfig */;
			buildSettings = {
				ASSETCATALOG_COMPILER_APPICON_NAME = AppIcon;
				CODE_SIGN_IDENTITY = "iPhone Developer";
				INFOPLIST_FILE = "evegano-ios/Info.plist";
				LD_RUNPATH_SEARCH_PATHS = "$(inherited) @executable_path/Frameworks";
				PRODUCT_BUNDLE_IDENTIFIER = "ru.nazavrik.evegano-ios";
				PRODUCT_NAME = "$(TARGET_NAME)";
			};
			name = Release;
		};
/* End XCBuildConfiguration section */

/* Begin XCConfigurationList section */
		11B6B7B51C1C7AFC00D4A986 /* Build configuration list for PBXProject "evegano-ios" */ = {
			isa = XCConfigurationList;
			buildConfigurations = (
				11B6B7CA1C1C7AFC00D4A986 /* Debug */,
				11B6B7CB1C1C7AFC00D4A986 /* Release */,
			);
			defaultConfigurationIsVisible = 0;
			defaultConfigurationName = Release;
		};
		11B6B7CC1C1C7AFC00D4A986 /* Build configuration list for PBXNativeTarget "evegano-ios" */ = {
			isa = XCConfigurationList;
			buildConfigurations = (
				11B6B7CD1C1C7AFC00D4A986 /* Debug */,
				11B6B7CE1C1C7AFC00D4A986 /* Release */,
			);
			defaultConfigurationIsVisible = 0;
			defaultConfigurationName = Release;
		};
/* End XCConfigurationList section */
	};
	rootObject = 11B6B7B21C1C7AFC00D4A986 /* Project object */;
}
